
Microsoft Visual Studio Solution File, Format Version 12.00
Project("{FAE04EC0-301F-11D3-BF4B-00C04F79EFBC}") = "StatisticsCollector", "StatisticsCollector\StatisticsCollector.csproj", "{A5771D04-4D2C-46BC-9F39-FCB1B45EC574}"
EndProject
Global
	GlobalSection(SolutionConfigurationPlatforms) = preSolution
		Debug|Any CPU = Debug|Any CPU
		Release|Any CPU = Release|Any CPU
	EndGlobalSection
	GlobalSection(ProjectConfigurationPlatforms) = postSolution
		{A5771D04-4D2C-46BC-9F39-FCB1B45EC574}.Debug|Any CPU.ActiveCfg = Debug|Any CPU
		{A5771D04-4D2C-46BC-9F39-FCB1B45EC574}.Debug|Any CPU.Build.0 = Debug|Any CPU
		{A5771D04-4D2C-46BC-9F39-FCB1B45EC574}.Release|Any CPU.ActiveCfg = Release|Any CPU
		{A5771D04-4D2C-46BC-9F39-FCB1B45EC574}.Release|Any CPU.Build.0 = Release|Any CPU
	EndGlobalSection
EndGlobal
