
Microsoft Visual Studio Solution File, Format Version 12.00
Project("{FAE04EC0-301F-11D3-BF4B-00C04F79EFBC}") = "StatisticsCollector", "StatisticsCollector\StatisticsCollector.csproj", "{A5771D04-4D2C-46BC-9F39-FCB1B45EC574}"
EndProject
Project("{2150E333-8FDC-42A3-9474-1A3956D46DE8}") = "Solution Items", "Solution Items", "{E0003C0F-659E-4F31-A783-98657D8CEB03}"
	ProjectSection(SolutionItems) = preProject
		compose.yaml = compose.yaml
	EndProjectSection
EndProject
Project("{FAE04EC0-301F-11D3-BF4B-00C04F79EFBC}") = "RabbitMQClientLibrary", "RabbitMQClientLibrary\RabbitMQClientLibrary.csproj", "{177DBE6C-5E9B-4061-B821-C93EB5DF997D}"
EndProject
Global
	GlobalSection(SolutionConfigurationPlatforms) = preSolution
		Debug|Any CPU = Debug|Any CPU
		Debug|x64 = Debug|x64
		Debug|x86 = Debug|x86
		Release|Any CPU = Release|Any CPU
		Release|x64 = Release|x64
		Release|x86 = Release|x86
	EndGlobalSection
	GlobalSection(ProjectConfigurationPlatforms) = postSolution
		{A5771D04-4D2C-46BC-9F39-FCB1B45EC574}.Debug|Any CPU.ActiveCfg = Debug|Any CPU
		{A5771D04-4D2C-46BC-9F39-FCB1B45EC574}.Debug|Any CPU.Build.0 = Debug|Any CPU
		{A5771D04-4D2C-46BC-9F39-FCB1B45EC574}.Debug|x64.ActiveCfg = Debug|Any CPU
		{A5771D04-4D2C-46BC-9F39-FCB1B45EC574}.Debug|x64.Build.0 = Debug|Any CPU
		{A5771D04-4D2C-46BC-9F39-FCB1B45EC574}.Debug|x86.ActiveCfg = Debug|Any CPU
		{A5771D04-4D2C-46BC-9F39-FCB1B45EC574}.Debug|x86.Build.0 = Debug|Any CPU
		{A5771D04-4D2C-46BC-9F39-FCB1B45EC574}.Release|Any CPU.ActiveCfg = Release|Any CPU
		{A5771D04-4D2C-46BC-9F39-FCB1B45EC574}.Release|Any CPU.Build.0 = Release|Any CPU
		{A5771D04-4D2C-46BC-9F39-FCB1B45EC574}.Release|x64.ActiveCfg = Release|Any CPU
		{A5771D04-4D2C-46BC-9F39-FCB1B45EC574}.Release|x64.Build.0 = Release|Any CPU
		{A5771D04-4D2C-46BC-9F39-FCB1B45EC574}.Release|x86.ActiveCfg = Release|Any CPU
		{A5771D04-4D2C-46BC-9F39-FCB1B45EC574}.Release|x86.Build.0 = Release|Any CPU
		{177DBE6C-5E9B-4061-B821-C93EB5DF997D}.Debug|Any CPU.ActiveCfg = Debug|Any CPU
		{177DBE6C-5E9B-4061-B821-C93EB5DF997D}.Debug|Any CPU.Build.0 = Debug|Any CPU
		{177DBE6C-5E9B-4061-B821-C93EB5DF997D}.Debug|x64.ActiveCfg = Debug|Any CPU
		{177DBE6C-5E9B-4061-B821-C93EB5DF997D}.Debug|x64.Build.0 = Debug|Any CPU
		{177DBE6C-5E9B-4061-B821-C93EB5DF997D}.Debug|x86.ActiveCfg = Debug|Any CPU
		{177DBE6C-5E9B-4061-B821-C93EB5DF997D}.Debug|x86.Build.0 = Debug|Any CPU
		{177DBE6C-5E9B-4061-B821-C93EB5DF997D}.Release|Any CPU.ActiveCfg = Release|Any CPU
		{177DBE6C-5E9B-4061-B821-C93EB5DF997D}.Release|Any CPU.Build.0 = Release|Any CPU
		{177DBE6C-5E9B-4061-B821-C93EB5DF997D}.Release|x64.ActiveCfg = Release|Any CPU
		{177DBE6C-5E9B-4061-B821-C93EB5DF997D}.Release|x64.Build.0 = Release|Any CPU
		{177DBE6C-5E9B-4061-B821-C93EB5DF997D}.Release|x86.ActiveCfg = Release|Any CPU
		{177DBE6C-5E9B-4061-B821-C93EB5DF997D}.Release|x86.Build.0 = Release|Any CPU
	EndGlobalSection
	GlobalSection(SolutionProperties) = preSolution
		HideSolutionNode = FALSE
	EndGlobalSection
EndGlobal
